<Solution>
  <Project Path="src/Compze.Serialization.Newtonsoft/Compze.Serialization.Newtonsoft.csproj" />
  <Folder Name="/Tests/">
    <Project Path="test/Compze.Serialization.Newtonsoft.InternalSpecifications/Compze.Serialization.Newtonsoft.InternalSpecifications.csproj" />
    <Project Path="test/Compze.Tests.Infrastructure/Compze.Tests.Infrastructure.csproj" />
  </Folder>
</Solution>
