<Solution>
  <Project Path="src/Compze.Internals.SystemCE/Compze.Internals.SystemCE.csproj" />
  <Project Path="src/Compze.Internals.SystemCE.Core/Compze.Internals.SystemCE.Core.csproj" />
  <Folder Name="/Tests/">
    <Project Path="test/Compze.Internals.SystemCE.Tests/Compze.Internals.SystemCE.Tests.csproj" />
    <Project Path="test/Compze.Tests.Infrastructure/Compze.Tests.Infrastructure.csproj" />
  </Folder>
</Solution>
