<Solution>
  <Folder Name="/src/">
    <Project Path="src/Compze.InternalizedSourceReferences/Compze.InternalizedSourceReferences.csproj" />
  </Folder>
  <Folder Name="/test/">
    <Project Path="test/Compze.InternalizedSourceReferences.Tests/Compze.InternalizedSourceReferences.Tests.csproj" />
  </Folder>
</Solution>
