<Solution>
  <Folder Name="/Compze/" />
  <Folder Name="/Compze/Utilities/">
    <Project Path="../../Contracts/Compze.Contracts.csproj" />
    <Project Path="../Compze.Underscore/Compze.Underscore.csproj" />
    <Project Path="../../SystemExtensions/Compze.Utilities.SystemExtensions.csproj" />
  </Folder>
  <Folder Name="/Compze/Utilities/Threading/">
    <Project Path="../../Threading/Compze.Utilities.Threading.csproj" />
    <Project Path="../../Threading/Testing/Compze.Utilities.Threading.Testing.csproj" />
  </Folder>
  <Project Path="Compze.Utilities.Testing.XUnit.csproj" />
  <Project Path="../Compze.xUnit/Compze.xUnit.csproj" />
  <Project Path="../../test/Compze.Utilities.Tests/Compze.Utilities.Tests.csproj" />
</Solution>