<Solution>
  <Folder Name="/src/">
    <Project Path="src/CircularLibraryDependencySourceRewriter/CircularLibraryDependencySourceRewriter.csproj" />
  </Folder>
  <Folder Name="/test/">
    <Project Path="test/CircularLibraryDependencySourceRewriter.Tests/CircularLibraryDependencySourceRewriter.Tests.csproj" />
  </Folder>
</Solution>
